// !$*UTF8*$!
{
	archiveVersion = 1;
	classes = {
	};
	objectVersion = 42;
	objects = {

/* Begin PBXBuildFile section */
		4D5D30350DD09F54003030BD /* mlngrambuilder.cpp in Sources */ = {isa = PBXBuildFile; fileRef = 4D5D30310DD09F54003030BD /* mlngrambuilder.cpp */; };
		4D5D30360DD09F54003030BD /* mlngramentry.cpp in Sources */ = {isa = PBXBuildFile; fileRef = 4D5D30330DD09F54003030BD /* mlngramentry.cpp */; };
		4DCD97E70DD0A14300FABFD4 /* mlhmm.cpp in Sources */ = {isa = PBXBuildFile; fileRef = 4DCD97E50DD0A14300FABFD4 /* mlhmm.cpp */; };
		4DF692A80D496E28007DE3CF /* mldecoderpage.cpp in Sources */ = {isa = PBXBuildFile; fileRef = 4DF692A40D496E28007DE3CF /* mldecoderpage.cpp */; };
		4DF692A90D496E28007DE3CF /* mldecoderstaff.cpp in Sources */ = {isa = PBXBuildFile; fileRef = 4DF692A60D496E28007DE3CF /* mldecoderstaff.cpp */; };
		570E04E70D7F5B71007E7BCA /* mldecoderpage.cpp in Sources */ = {isa = PBXBuildFile; fileRef = 4DF692A40D496E28007DE3CF /* mldecoderpage.cpp */; };
		570E04E80D7F5B71007E7BCA /* mldecoderstaff.cpp in Sources */ = {isa = PBXBuildFile; fileRef = 4DF692A60D496E28007DE3CF /* mldecoderstaff.cpp */; };
		570E05030D7F5D3D007E7BCA /* Eval.cpp in Sources */ = {isa = PBXBuildFile; fileRef = 570E05020D7F5D3D007E7BCA /* Eval.cpp */; };
		570E05EB0D805C58007E7BCA /* Adapter.cpp in Sources */ = {isa = PBXBuildFile; fileRef = 570E05EA0D805C58007E7BCA /* Adapter.cpp */; };
		57219A460B8377600033F495 /* Common.cpp in Sources */ = {isa = PBXBuildFile; fileRef = 576ED8350AB223D2007F2844 /* Common.cpp */; };
		576ED8410AB223D8007F2844 /* Common.cpp in Sources */ = {isa = PBXBuildFile; fileRef = 576ED8350AB223D2007F2844 /* Common.cpp */; };
		576ED8420AB223D8007F2844 /* Init.cpp in Sources */ = {isa = PBXBuildFile; fileRef = 576ED8370AB223D2007F2844 /* Init.cpp */; };
		57A0BC790ABF1901001825D5 /* Common.cpp in Sources */ = {isa = PBXBuildFile; fileRef = 576ED8350AB223D2007F2844 /* Common.cpp */; };
		57A0BC820ABF199C001825D5 /* Trainer.cpp in Sources */ = {isa = PBXBuildFile; fileRef = 57A0BC810ABF199C001825D5 /* Trainer.cpp */; };
		A51FEC290A02C1C900ACE377 /* Decoder.cpp in Sources */ = {isa = PBXBuildFile; fileRef = A51FEC180A02C1C900ACE377 /* Decoder.cpp */; };
		A591200A0A1278F100D64611 /* NGram.cpp in Sources */ = {isa = PBXBuildFile; fileRef = A59120070A1278F100D64611 /* NGram.cpp */; };
/* End PBXBuildFile section */

/* Begin PBXFileReference section */
		4D5D30310DD09F54003030BD /* mlngrambuilder.cpp */ = {isa = PBXFileReference; fileEncoding = 4; lastKnownFileType = sourcecode.cpp.cpp; name = mlngrambuilder.cpp; path = ../src/ml/mlngrambuilder.cpp; sourceTree = SOURCE_ROOT; };
		4D5D30320DD09F54003030BD /* mlngrambuilder.h */ = {isa = PBXFileReference; fileEncoding = 4; lastKnownFileType = sourcecode.c.h; name = mlngrambuilder.h; path = ../src/ml/mlngrambuilder.h; sourceTree = SOURCE_ROOT; };
		4D5D30330DD09F54003030BD /* mlngramentry.cpp */ = {isa = PBXFileReference; fileEncoding = 4; lastKnownFileType = sourcecode.cpp.cpp; name = mlngramentry.cpp; path = ../src/ml/mlngramentry.cpp; sourceTree = SOURCE_ROOT; };
		4D5D30340DD09F54003030BD /* mlngramentry.h */ = {isa = PBXFileReference; fileEncoding = 4; lastKnownFileType = sourcecode.c.h; name = mlngramentry.h; path = ../src/ml/mlngramentry.h; sourceTree = SOURCE_ROOT; };
		4DCD97E50DD0A14300FABFD4 /* mlhmm.cpp */ = {isa = PBXFileReference; fileEncoding = 4; lastKnownFileType = sourcecode.cpp.cpp; name = mlhmm.cpp; path = ../src/ml/mlhmm.cpp; sourceTree = SOURCE_ROOT; };
		4DCD97E60DD0A14300FABFD4 /* mlhmm.h */ = {isa = PBXFileReference; fileEncoding = 4; lastKnownFileType = sourcecode.c.h; name = mlhmm.h; path = ../src/ml/mlhmm.h; sourceTree = SOURCE_ROOT; };
		4DF692A40D496E28007DE3CF /* mldecoderpage.cpp */ = {isa = PBXFileReference; fileEncoding = 30; lastKnownFileType = sourcecode.cpp.cpp; name = mldecoderpage.cpp; path = ../src/ml/mldecoderpage.cpp; sourceTree = SOURCE_ROOT; };
		4DF692A50D496E28007DE3CF /* mldecoderpage.h */ = {isa = PBXFileReference; fileEncoding = 30; lastKnownFileType = sourcecode.c.h; name = mldecoderpage.h; path = ../src/ml/mldecoderpage.h; sourceTree = SOURCE_ROOT; };
		4DF692A60D496E28007DE3CF /* mldecoderstaff.cpp */ = {isa = PBXFileReference; fileEncoding = 30; lastKnownFileType = sourcecode.cpp.cpp; name = mldecoderstaff.cpp; path = ../src/ml/mldecoderstaff.cpp; sourceTree = SOURCE_ROOT; };
		4DF692A70D496E28007DE3CF /* mldecoderstaff.h */ = {isa = PBXFileReference; fileEncoding = 30; lastKnownFileType = sourcecode.c.h; name = mldecoderstaff.h; path = ../src/ml/mldecoderstaff.h; sourceTree = SOURCE_ROOT; };
		570E04ED0D7F5B71007E7BCA /* evald */ = {isa = PBXFileReference; explicitFileType = "compiled.mach-o.executable"; includeInIndex = 0; path = evald; sourceTree = BUILT_PRODUCTS_DIR; };
		570E05020D7F5D3D007E7BCA /* Eval.cpp */ = {isa = PBXFileReference; fileEncoding = 30; lastKnownFileType = sourcecode.cpp.cpp; name = Eval.cpp; path = ../src/torch/Eval.cpp; sourceTree = SOURCE_ROOT; };
		570E05EA0D805C58007E7BCA /* Adapter.cpp */ = {isa = PBXFileReference; fileEncoding = 30; lastKnownFileType = sourcecode.cpp.cpp; name = Adapter.cpp; path = ../src/torch/Adapter.cpp; sourceTree = SOURCE_ROOT; };
		57219A4C0B8377610033F495 /* adaptd */ = {isa = PBXFileReference; explicitFileType = "compiled.mach-o.executable"; includeInIndex = 0; path = adaptd; sourceTree = BUILT_PRODUCTS_DIR; };
		576ED8350AB223D2007F2844 /* Common.cpp */ = {isa = PBXFileReference; fileEncoding = 30; lastKnownFileType = sourcecode.cpp.cpp; name = Common.cpp; path = ../src/torch/Common.cpp; sourceTree = SOURCE_ROOT; };
		576ED8360AB223D2007F2844 /* Common.h */ = {isa = PBXFileReference; fileEncoding = 30; lastKnownFileType = sourcecode.c.h; name = Common.h; path = ../src/torch/Common.h; sourceTree = SOURCE_ROOT; };
		576ED8370AB223D2007F2844 /* Init.cpp */ = {isa = PBXFileReference; fileEncoding = 30; lastKnownFileType = sourcecode.cpp.cpp; name = Init.cpp; path = ../src/torch/Init.cpp; sourceTree = SOURCE_ROOT; };
		576ED8480AB223D8007F2844 /* initd */ = {isa = PBXFileReference; explicitFileType = "compiled.mach-o.executable"; includeInIndex = 0; path = initd; sourceTree = BUILT_PRODUCTS_DIR; };
		57A0BC7F0ABF1901001825D5 /* trainerd */ = {isa = PBXFileReference; explicitFileType = "compiled.mach-o.executable"; includeInIndex = 0; path = trainerd; sourceTree = BUILT_PRODUCTS_DIR; };
		57A0BC810ABF199C001825D5 /* Trainer.cpp */ = {isa = PBXFileReference; fileEncoding = 30; lastKnownFileType = sourcecode.cpp.cpp; name = Trainer.cpp; path = ../src/torch/Trainer.cpp; sourceTree = SOURCE_ROOT; };
		A51FEC000A02C15800ACE377 /* decoderd */ = {isa = PBXFileReference; explicitFileType = "compiled.mach-o.executable"; includeInIndex = 0; path = decoderd; sourceTree = BUILT_PRODUCTS_DIR; };
		A51FEC180A02C1C900ACE377 /* Decoder.cpp */ = {isa = PBXFileReference; fileEncoding = 30; lastKnownFileType = sourcecode.cpp.cpp; path = Decoder.cpp; sourceTree = "<group>"; };
		A59120010A1278D400D64611 /* ngramd */ = {isa = PBXFileReference; explicitFileType = "compiled.mach-o.executable"; includeInIndex = 0; path = ngramd; sourceTree = BUILT_PRODUCTS_DIR; };
		A59120070A1278F100D64611 /* NGram.cpp */ = {isa = PBXFileReference; fileEncoding = 30; lastKnownFileType = sourcecode.cpp.cpp; name = NGram.cpp; path = ../src/torch/NGram.cpp; sourceTree = SOURCE_ROOT; };
/* End PBXFileReference section */

/* Begin PBXFrameworksBuildPhase section */
		570E04E90D7F5B71007E7BCA /* Frameworks */ = {
			isa = PBXFrameworksBuildPhase;
			buildActionMask = 2147483647;
			files = (
			);
			runOnlyForDeploymentPostprocessing = 0;
		};
		57219A480B8377600033F495 /* Frameworks */ = {
			isa = PBXFrameworksBuildPhase;
			buildActionMask = 2147483647;
			files = (
			);
			runOnlyForDeploymentPostprocessing = 0;
		};
		576ED8440AB223D8007F2844 /* Frameworks */ = {
			isa = PBXFrameworksBuildPhase;
			buildActionMask = 2147483647;
			files = (
			);
			runOnlyForDeploymentPostprocessing = 0;
		};
		57A0BC7B0ABF1901001825D5 /* Frameworks */ = {
			isa = PBXFrameworksBuildPhase;
			buildActionMask = 2147483647;
			files = (
			);
			runOnlyForDeploymentPostprocessing = 0;
		};
		A51FEBFE0A02C15800ACE377 /* Frameworks */ = {
			isa = PBXFrameworksBuildPhase;
			buildActionMask = 2147483647;
			files = (
			);
			runOnlyForDeploymentPostprocessing = 0;
		};
		A5911FFF0A1278D400D64611 /* Frameworks */ = {
			isa = PBXFrameworksBuildPhase;
			buildActionMask = 2147483647;
			files = (
			);
			runOnlyForDeploymentPostprocessing = 0;
		};
/* End PBXFrameworksBuildPhase section */

/* Begin PBXGroup section */
		570E05080D7F5DBA007E7BCA /* eval */ = {
			isa = PBXGroup;
			children = (
				570E05020D7F5D3D007E7BCA /* Eval.cpp */,
			);
			name = eval;
			sourceTree = "<group>";
		};
		57219A510B8378500033F495 /* adapt */ = {
			isa = PBXGroup;
			children = (
				4DCD97E50DD0A14300FABFD4 /* mlhmm.cpp */,
				4DCD97E60DD0A14300FABFD4 /* mlhmm.h */,
				570E05EA0D805C58007E7BCA /* Adapter.cpp */,
			);
			name = adapt;
			sourceTree = "<group>";
		};
		576ED8340AB223B8007F2844 /* train */ = {
			isa = PBXGroup;
			children = (
				57A0BC810ABF199C001825D5 /* Trainer.cpp */,
				576ED8350AB223D2007F2844 /* Common.cpp */,
				576ED8360AB223D2007F2844 /* Common.h */,
				576ED8370AB223D2007F2844 /* Init.cpp */,
			);
			name = train;
			sourceTree = "<group>";
		};
		A51FEBE00A02C0F500ACE377 = {
			isa = PBXGroup;
			children = (
				570E05080D7F5DBA007E7BCA /* eval */,
				57219A510B8378500033F495 /* adapt */,
				576ED8340AB223B8007F2844 /* train */,
				A591200E0A12790700D64611 /* ngram */,
				A51FEC120A02C1C900ACE377 /* decoder */,
				A51FEC010A02C15800ACE377 /* Products */,
			);
			sourceTree = "<group>";
		};
		A51FEC010A02C15800ACE377 /* Products */ = {
			isa = PBXGroup;
			children = (
				A51FEC000A02C15800ACE377 /* decoderd */,
				A59120010A1278D400D64611 /* ngramd */,
				576ED8480AB223D8007F2844 /* initd */,
				57A0BC7F0ABF1901001825D5 /* trainerd */,
				57219A4C0B8377610033F495 /* adaptd */,
				570E04ED0D7F5B71007E7BCA /* evald */,
			);
			name = Products;
			sourceTree = "<group>";
		};
		A51FEC120A02C1C900ACE377 /* decoder */ = {
			isa = PBXGroup;
			children = (
				4DF692A40D496E28007DE3CF /* mldecoderpage.cpp */,
				4DF692A50D496E28007DE3CF /* mldecoderpage.h */,
				4DF692A60D496E28007DE3CF /* mldecoderstaff.cpp */,
				4DF692A70D496E28007DE3CF /* mldecoderstaff.h */,
				A51FEC180A02C1C900ACE377 /* Decoder.cpp */,
			);
			name = decoder;
			path = ../src/torch;
			sourceTree = SOURCE_ROOT;
		};
		A591200E0A12790700D64611 /* ngram */ = {
			isa = PBXGroup;
			children = (
				4D5D30310DD09F54003030BD /* mlngrambuilder.cpp */,
				4D5D30320DD09F54003030BD /* mlngrambuilder.h */,
				4D5D30330DD09F54003030BD /* mlngramentry.cpp */,
				4D5D30340DD09F54003030BD /* mlngramentry.h */,
				A59120070A1278F100D64611 /* NGram.cpp */,
			);
			name = ngram;
			sourceTree = "<group>";
		};
/* End PBXGroup section */

/* Begin PBXNativeTarget section */
		570E04E40D7F5B71007E7BCA /* eval */ = {
			isa = PBXNativeTarget;
			buildConfigurationList = 570E04EA0D7F5B71007E7BCA /* Build configuration list for PBXNativeTarget "eval" */;
			buildPhases = (
				570E04E50D7F5B71007E7BCA /* Sources */,
				570E04E90D7F5B71007E7BCA /* Frameworks */,
			);
			buildRules = (
			);
			dependencies = (
			);
			name = eval;
			productName = decoder;
			productReference = 570E04ED0D7F5B71007E7BCA /* evald */;
			productType = "com.apple.product-type.tool";
		};
		57219A440B8377600033F495 /* adapt */ = {
			isa = PBXNativeTarget;
			buildConfigurationList = 57219A490B8377600033F495 /* Build configuration list for PBXNativeTarget "adapt" */;
			buildPhases = (
				57219A450B8377600033F495 /* Sources */,
				57219A480B8377600033F495 /* Frameworks */,
			);
			buildRules = (
			);
			dependencies = (
			);
			name = adapt;
			productName = ngram;
			productReference = 57219A4C0B8377610033F495 /* adaptd */;
			productType = "com.apple.product-type.tool";
		};
		576ED83C0AB223D8007F2844 /* init */ = {
			isa = PBXNativeTarget;
			buildConfigurationList = 576ED8450AB223D8007F2844 /* Build configuration list for PBXNativeTarget "init" */;
			buildPhases = (
				576ED83D0AB223D8007F2844 /* Sources */,
				576ED8440AB223D8007F2844 /* Frameworks */,
			);
			buildRules = (
			);
			dependencies = (
			);
			name = init;
			productName = ngram;
			productReference = 576ED8480AB223D8007F2844 /* initd */;
			productType = "com.apple.product-type.tool";
		};
		57A0BC770ABF1901001825D5 /* trainer */ = {
			isa = PBXNativeTarget;
			buildConfigurationList = 57A0BC7C0ABF1901001825D5 /* Build configuration list for PBXNativeTarget "trainer" */;
			buildPhases = (
				57A0BC780ABF1901001825D5 /* Sources */,
				57A0BC7B0ABF1901001825D5 /* Frameworks */,
			);
			buildRules = (
			);
			dependencies = (
			);
			name = trainer;
			productName = ngram;
			productReference = 57A0BC7F0ABF1901001825D5 /* trainerd */;
			productType = "com.apple.product-type.tool";
		};
		A51FEBFF0A02C15800ACE377 /* decoder */ = {
			isa = PBXNativeTarget;
			buildConfigurationList = A51FEC030A02C15900ACE377 /* Build configuration list for PBXNativeTarget "decoder" */;
			buildPhases = (
				A51FEBFD0A02C15800ACE377 /* Sources */,
				A51FEBFE0A02C15800ACE377 /* Frameworks */,
			);
			buildRules = (
			);
			dependencies = (
			);
			name = decoder;
			productName = decoder;
			productReference = A51FEC000A02C15800ACE377 /* decoderd */;
			productType = "com.apple.product-type.tool";
		};
		A59120000A1278D400D64611 /* ngram */ = {
			isa = PBXNativeTarget;
			buildConfigurationList = A591200B0A1278F100D64611 /* Build configuration list for PBXNativeTarget "ngram" */;
			buildPhases = (
				A5911FFE0A1278D400D64611 /* Sources */,
				A5911FFF0A1278D400D64611 /* Frameworks */,
			);
			buildRules = (
			);
			dependencies = (
			);
			name = ngram;
			productName = ngram;
			productReference = A59120010A1278D400D64611 /* ngramd */;
			productType = "com.apple.product-type.tool";
		};
/* End PBXNativeTarget section */

/* Begin PBXProject section */
		A51FEBE20A02C0F500ACE377 /* Project object */ = {
			isa = PBXProject;
			buildConfigurationList = A51FEBE30A02C0F500ACE377 /* Build configuration list for PBXProject "torch" */;
			compatibilityVersion = "Xcode 2.4";
			hasScannedForEncodings = 0;
			mainGroup = A51FEBE00A02C0F500ACE377;
			productRefGroup = A51FEC010A02C15800ACE377 /* Products */;
			projectDirPath = "";
			projectRoot = "";
			targets = (
				A51FEBFF0A02C15800ACE377 /* decoder */,
				A59120000A1278D400D64611 /* ngram */,
				576ED83C0AB223D8007F2844 /* init */,
				57A0BC770ABF1901001825D5 /* trainer */,
				57219A440B8377600033F495 /* adapt */,
				570E04E40D7F5B71007E7BCA /* eval */,
			);
		};
/* End PBXProject section */

/* Begin PBXSourcesBuildPhase section */
		570E04E50D7F5B71007E7BCA /* Sources */ = {
			isa = PBXSourcesBuildPhase;
			buildActionMask = 2147483647;
			files = (
				570E04E70D7F5B71007E7BCA /* mldecoderpage.cpp in Sources */,
				570E04E80D7F5B71007E7BCA /* mldecoderstaff.cpp in Sources */,
				570E05030D7F5D3D007E7BCA /* Eval.cpp in Sources */,
			);
			runOnlyForDeploymentPostprocessing = 0;
		};
		57219A450B8377600033F495 /* Sources */ = {
			isa = PBXSourcesBuildPhase;
			buildActionMask = 2147483647;
			files = (
				57219A460B8377600033F495 /* Common.cpp in Sources */,
				570E05EB0D805C58007E7BCA /* Adapter.cpp in Sources */,
				4DCD97E70DD0A14300FABFD4 /* mlhmm.cpp in Sources */,
			);
			runOnlyForDeploymentPostprocessing = 0;
		};
		576ED83D0AB223D8007F2844 /* Sources */ = {
			isa = PBXSourcesBuildPhase;
			buildActionMask = 2147483647;
			files = (
				576ED8410AB223D8007F2844 /* Common.cpp in Sources */,
				576ED8420AB223D8007F2844 /* Init.cpp in Sources */,
			);
			runOnlyForDeploymentPostprocessing = 0;
		};
		57A0BC780ABF1901001825D5 /* Sources */ = {
			isa = PBXSourcesBuildPhase;
			buildActionMask = 2147483647;
			files = (
				57A0BC790ABF1901001825D5 /* Common.cpp in Sources */,
				57A0BC820ABF199C001825D5 /* Trainer.cpp in Sources */,
			);
			runOnlyForDeploymentPostprocessing = 0;
		};
		A51FEBFD0A02C15800ACE377 /* Sources */ = {
			isa = PBXSourcesBuildPhase;
			buildActionMask = 2147483647;
			files = (
				A51FEC290A02C1C900ACE377 /* Decoder.cpp in Sources */,
				4DF692A80D496E28007DE3CF /* mldecoderpage.cpp in Sources */,
				4DF692A90D496E28007DE3CF /* mldecoderstaff.cpp in Sources */,
			);
			runOnlyForDeploymentPostprocessing = 0;
		};
		A5911FFE0A1278D400D64611 /* Sources */ = {
			isa = PBXSourcesBuildPhase;
			buildActionMask = 2147483647;
			files = (
				A591200A0A1278F100D64611 /* NGram.cpp in Sources */,
				4D5D30350DD09F54003030BD /* mlngrambuilder.cpp in Sources */,
				4D5D30360DD09F54003030BD /* mlngramentry.cpp in Sources */,
			);
			runOnlyForDeploymentPostprocessing = 0;
		};
/* End PBXSourcesBuildPhase section */

/* Begin XCBuildConfiguration section */
		570E04EB0D7F5B71007E7BCA /* Debug */ = {
			isa = XCBuildConfiguration;
			buildSettings = {
				COPY_PHASE_STRIP = NO;
				GCC_GENERATE_DEBUGGING_SYMBOLS = YES;
				GCC_MODEL_TUNING = G5;
				HEADER_SEARCH_PATHS = "$(ARUSPIX_TORCH)/include";
				INSTALL_PATH = "$(HOME)/bin";
				LIBRARY_SEARCH_PATHS = "$(ARUSPIX_TORCH)/libs/Darwin_opt_float";
				OBJROOT = "$(ARUSPIX)/obj";
				OPTIMIZATION_CFLAGS = "-O0";
				OTHER_CFLAGS = "";
				OTHER_LDFLAGS = "-ltorch";
				OTHER_REZFLAGS = "";
				PREBINDING = NO;
				PRODUCT_NAME = evald;
				SECTORDER_FLAGS = "";
				SYMROOT = "$(ARUSPIX)/bin";
				WARNING_CFLAGS = (
					"-Wmost",
					"-Wno-four-char-constants",
					"-Wno-unknown-pragmas",
				);
			};
			name = Debug;
		};
		570E04EC0D7F5B71007E7BCA /* Release */ = {
			isa = XCBuildConfiguration;
			buildSettings = {
				COPY_PHASE_STRIP = YES;
				GCC_GENERATE_DEBUGGING_SYMBOLS = NO;
				GCC_MODEL_TUNING = G5;
				HEADER_SEARCH_PATHS = "$(ARUSPIX_TORCH)/include";
				INSTALL_PATH = "$(HOME)/bin";
				LIBRARY_SEARCH_PATHS = "$(ARUSPIX_TORCH)/libs/Darwin_opt_float";
				OBJROOT = "$(ARUSPIX)/obj";
				OPTIMIZATION_CFLAGS = "-O0";
				OTHER_CFLAGS = "";
				OTHER_LDFLAGS = "-ltorch";
				OTHER_REZFLAGS = "";
				PREBINDING = NO;
				PRODUCT_NAME = eval;
				SECTORDER_FLAGS = "";
				SYMROOT = "$(ARUSPIX)/bin";
				WARNING_CFLAGS = (
					"-Wmost",
					"-Wno-four-char-constants",
					"-Wno-unknown-pragmas",
				);
			};
			name = Release;
		};
		57219A4A0B8377600033F495 /* Debug */ = {
			isa = XCBuildConfiguration;
			buildSettings = {
				COPY_PHASE_STRIP = NO;
				GCC_GENERATE_DEBUGGING_SYMBOLS = YES;
				GCC_MODEL_TUNING = G5;
				HEADER_SEARCH_PATHS = "$(ARUSPIX_TORCH)/include";
				INSTALL_PATH = "$(HOME)/bin";
				LIBRARY_SEARCH_PATHS = "$(ARUSPIX_TORCH)/libs/Darwin_opt_float";
				OPTIMIZATION_CFLAGS = "-O0";
				OTHER_CFLAGS = "-D__AXDEBUG__";
				OTHER_LDFLAGS = "-ltorch";
				OTHER_REZFLAGS = "";
				PREBINDING = NO;
				PRODUCT_NAME = adaptd;
				SECTORDER_FLAGS = "";
				WARNING_CFLAGS = (
					"-Wmost",
					"-Wno-four-char-constants",
					"-Wno-unknown-pragmas",
				);
			};
			name = Debug;
		};
		57219A4B0B8377600033F495 /* Release */ = {
			isa = XCBuildConfiguration;
			buildSettings = {
				COPY_PHASE_STRIP = YES;
				GCC_GENERATE_DEBUGGING_SYMBOLS = NO;
				GCC_MODEL_TUNING = G5;
				HEADER_SEARCH_PATHS = "$(ARUSPIX_TORCH)/include";
				INSTALL_PATH = "$(HOME)/bin";
				LIBRARY_SEARCH_PATHS = "$(ARUSPIX_TORCH)/libs/Darwin_opt_float";
				OPTIMIZATION_CFLAGS = "-O0";
				OTHER_CFLAGS = "";
				OTHER_LDFLAGS = "-ltorch";
				OTHER_REZFLAGS = "";
				PREBINDING = NO;
				PRODUCT_NAME = adapt;
				SECTORDER_FLAGS = "";
				WARNING_CFLAGS = (
					"-Wmost",
					"-Wno-four-char-constants",
					"-Wno-unknown-pragmas",
				);
			};
			name = Release;
		};
		576ED8460AB223D8007F2844 /* Debug */ = {
			isa = XCBuildConfiguration;
			buildSettings = {
				COPY_PHASE_STRIP = NO;
				GCC_GENERATE_DEBUGGING_SYMBOLS = YES;
				GCC_MODEL_TUNING = G5;
				HEADER_SEARCH_PATHS = "$(ARUSPIX_TORCH)/include";
				INSTALL_PATH = "$(HOME)/bin";
				LIBRARY_SEARCH_PATHS = "$(ARUSPIX_TORCH)/libs/Darwin_opt_float";
				OPTIMIZATION_CFLAGS = "-O0";
				OTHER_CFLAGS = "";
				OTHER_LDFLAGS = "-ltorch";
				OTHER_REZFLAGS = "";
				PREBINDING = NO;
				PRODUCT_NAME = initd;
				SECTORDER_FLAGS = "";
				WARNING_CFLAGS = (
					"-Wmost",
					"-Wno-four-char-constants",
					"-Wno-unknown-pragmas",
				);
			};
			name = Debug;
		};
		576ED8470AB223D8007F2844 /* Release */ = {
			isa = XCBuildConfiguration;
			buildSettings = {
				COPY_PHASE_STRIP = YES;
				GCC_GENERATE_DEBUGGING_SYMBOLS = NO;
				GCC_MODEL_TUNING = G5;
				HEADER_SEARCH_PATHS = "$(ARUSPIX_TORCH)/include";
				INSTALL_PATH = "$(HOME)/bin";
				LIBRARY_SEARCH_PATHS = "$(ARUSPIX_TORCH)/libs/Darwin_opt_float";
				OPTIMIZATION_CFLAGS = "-O0";
				OTHER_CFLAGS = "";
				OTHER_LDFLAGS = "-ltorch";
				OTHER_REZFLAGS = "";
				PREBINDING = NO;
				PRODUCT_NAME = init;
				SECTORDER_FLAGS = "";
				WARNING_CFLAGS = (
					"-Wmost",
					"-Wno-four-char-constants",
					"-Wno-unknown-pragmas",
				);
			};
			name = Release;
		};
		57A0BC7D0ABF1901001825D5 /* Debug */ = {
			isa = XCBuildConfiguration;
			buildSettings = {
				COPY_PHASE_STRIP = NO;
				GCC_GENERATE_DEBUGGING_SYMBOLS = YES;
				GCC_MODEL_TUNING = G5;
				HEADER_SEARCH_PATHS = "$(ARUSPIX_TORCH)/include";
				INSTALL_PATH = "$(HOME)/bin";
				LIBRARY_SEARCH_PATHS = "$(ARUSPIX_TORCH)/libs/Darwin_opt_float";
				OPTIMIZATION_CFLAGS = "-O0";
				OTHER_CFLAGS = "";
				OTHER_LDFLAGS = "-ltorch";
				OTHER_REZFLAGS = "";
				PREBINDING = NO;
				PRODUCT_NAME = trainerd;
				SECTORDER_FLAGS = "";
				WARNING_CFLAGS = (
					"-Wmost",
					"-Wno-four-char-constants",
					"-Wno-unknown-pragmas",
				);
				ZERO_LINK = NO;
			};
			name = Debug;
		};
		57A0BC7E0ABF1901001825D5 /* Release */ = {
			isa = XCBuildConfiguration;
			buildSettings = {
				COPY_PHASE_STRIP = YES;
				GCC_GENERATE_DEBUGGING_SYMBOLS = NO;
				GCC_MODEL_TUNING = G5;
				HEADER_SEARCH_PATHS = "$(ARUSPIX_TORCH)/include";
				INSTALL_PATH = "$(HOME)/bin";
				LIBRARY_SEARCH_PATHS = "$(ARUSPIX_TORCH)/libs/Darwin_opt_float";
				OPTIMIZATION_CFLAGS = "-O0";
				OTHER_CFLAGS = "";
				OTHER_LDFLAGS = "-ltorch";
				OTHER_REZFLAGS = "";
				PREBINDING = NO;
				PRODUCT_NAME = trainer;
				SECTORDER_FLAGS = "";
				WARNING_CFLAGS = (
					"-Wmost",
					"-Wno-four-char-constants",
					"-Wno-unknown-pragmas",
				);
			};
			name = Release;
		};
		A51FEBE40A02C0F500ACE377 /* Debug */ = {
			isa = XCBuildConfiguration;
			buildSettings = {
				COPY_PHASE_STRIP = NO;
				OBJROOT = "$(ARUSPIX)/obj";
				SDKROOT = /Developer/SDKs/MacOSX10.4u.sdk;
				SYMROOT = "$(ARUSPIX)/bin";
			};
			name = Debug;
		};
		A51FEBE50A02C0F500ACE377 /* Release */ = {
			isa = XCBuildConfiguration;
			buildSettings = {
				ARCHS = (
					ppc,
					i386,
				);
				COPY_PHASE_STRIP = YES;
				OBJROOT = "$(ARUSPIX)/obj";
				SDKROOT = /Developer/SDKs/MacOSX10.4u.sdk;
				SYMROOT = "$(ARUSPIX)/bin";
			};
			name = Release;
		};
		A51FEC040A02C15900ACE377 /* Debug */ = {
			isa = XCBuildConfiguration;
			buildSettings = {
				COPY_PHASE_STRIP = NO;
				GCC_GENERATE_DEBUGGING_SYMBOLS = YES;
				GCC_MODEL_TUNING = G5;
				HEADER_SEARCH_PATHS = "$(ARUSPIX_TORCH)/include";
				INSTALL_PATH = "$(HOME)/bin";
				LIBRARY_SEARCH_PATHS = "$(ARUSPIX_TORCH)/libs/Darwin_opt_float";
				OBJROOT = "$(ARUSPIX)/obj";
				OPTIMIZATION_CFLAGS = "-O0";
				OTHER_CFLAGS = "";
				OTHER_LDFLAGS = "-ltorch";
				OTHER_REZFLAGS = "";
				PREBINDING = NO;
				PRODUCT_NAME = decoderd;
				SECTORDER_FLAGS = "";
				SYMROOT = "$(ARUSPIX)/bin";
				WARNING_CFLAGS = (
					"-Wmost",
					"-Wno-four-char-constants",
					"-Wno-unknown-pragmas",
				);
			};
			name = Debug;
		};
		A51FEC050A02C15900ACE377 /* Release */ = {
			isa = XCBuildConfiguration;
			buildSettings = {
				COPY_PHASE_STRIP = YES;
				GCC_GENERATE_DEBUGGING_SYMBOLS = NO;
				GCC_MODEL_TUNING = G5;
				HEADER_SEARCH_PATHS = "$(ARUSPIX_TORCH)/include";
				INSTALL_PATH = "$(HOME)/bin";
				LIBRARY_SEARCH_PATHS = "$(ARUSPIX_TORCH)/libs/Darwin_opt_float";
				OBJROOT = "$(ARUSPIX)/obj";
				OPTIMIZATION_CFLAGS = "-O0";
				OTHER_CFLAGS = "";
				OTHER_LDFLAGS = "-ltorch";
				OTHER_REZFLAGS = "";
				PREBINDING = NO;
				PRODUCT_NAME = decoder;
				SECTORDER_FLAGS = "";
				SYMROOT = "$(ARUSPIX)/bin";
				WARNING_CFLAGS = (
					"-Wmost",
					"-Wno-four-char-constants",
					"-Wno-unknown-pragmas",
				);
			};
			name = Release;
		};
		A591200C0A1278F100D64611 /* Debug */ = {
			isa = XCBuildConfiguration;
			buildSettings = {
				COPY_PHASE_STRIP = NO;
				GCC_GENERATE_DEBUGGING_SYMBOLS = YES;
				GCC_MODEL_TUNING = G5;
				HEADER_SEARCH_PATHS = "$(ARUSPIX_TORCH)/include";
				INSTALL_PATH = "$(HOME)/bin";
				LIBRARY_SEARCH_PATHS = "$(ARUSPIX_TORCH)/libs/Darwin_opt_float";
				OPTIMIZATION_CFLAGS = "-O0";
				OTHER_CFLAGS = "-DDEBUG";
				OTHER_LDFLAGS = "-ltorch";
				OTHER_REZFLAGS = "";
				PREBINDING = NO;
				PRODUCT_NAME = ngramd;
				SECTORDER_FLAGS = "";
				WARNING_CFLAGS = (
					"-Wmost",
					"-Wno-four-char-constants",
					"-Wno-unknown-pragmas",
				);
			};
			name = Debug;
		};
		A591200D0A1278F100D64611 /* Release */ = {
			isa = XCBuildConfiguration;
			buildSettings = {
				COPY_PHASE_STRIP = YES;
				GCC_GENERATE_DEBUGGING_SYMBOLS = NO;
				GCC_MODEL_TUNING = G5;
				HEADER_SEARCH_PATHS = "$(ARUSPIX_TORCH)/include";
				INSTALL_PATH = "$(HOME)/bin";
				LIBRARY_SEARCH_PATHS = "$(ARUSPIX_TORCH)/libs/Darwin_opt_float";
				OPTIMIZATION_CFLAGS = "-O0";
				OTHER_CFLAGS = "";
				OTHER_LDFLAGS = "-ltorch";
				OTHER_REZFLAGS = "";
				PREBINDING = NO;
				PRODUCT_NAME = ngram;
				SECTORDER_FLAGS = "";
				WARNING_CFLAGS = (
					"-Wmost",
					"-Wno-four-char-constants",
					"-Wno-unknown-pragmas",
				);
			};
			name = Release;
		};
/* End XCBuildConfiguration section */

/* Begin XCConfigurationList section */
		570E04EA0D7F5B71007E7BCA /* Build configuration list for PBXNativeTarget "eval" */ = {
			isa = XCConfigurationList;
			buildConfigurations = (
				570E04EB0D7F5B71007E7BCA /* Debug */,
				570E04EC0D7F5B71007E7BCA /* Release */,
			);
			defaultConfigurationIsVisible = 0;
			defaultConfigurationName = Release;
		};
		57219A490B8377600033F495 /* Build configuration list for PBXNativeTarget "adapt" */ = {
			isa = XCConfigurationList;
			buildConfigurations = (
				57219A4A0B8377600033F495 /* Debug */,
				57219A4B0B8377600033F495 /* Release */,
			);
			defaultConfigurationIsVisible = 0;
			defaultConfigurationName = Release;
		};
		576ED8450AB223D8007F2844 /* Build configuration list for PBXNativeTarget "init" */ = {
			isa = XCConfigurationList;
			buildConfigurations = (
				576ED8460AB223D8007F2844 /* Debug */,
				576ED8470AB223D8007F2844 /* Release */,
			);
			defaultConfigurationIsVisible = 0;
			defaultConfigurationName = Release;
		};
		57A0BC7C0ABF1901001825D5 /* Build configuration list for PBXNativeTarget "trainer" */ = {
			isa = XCConfigurationList;
			buildConfigurations = (
				57A0BC7D0ABF1901001825D5 /* Debug */,
				57A0BC7E0ABF1901001825D5 /* Release */,
			);
			defaultConfigurationIsVisible = 0;
			defaultConfigurationName = Release;
		};
		A51FEBE30A02C0F500ACE377 /* Build configuration list for PBXProject "torch" */ = {
			isa = XCConfigurationList;
			buildConfigurations = (
				A51FEBE40A02C0F500ACE377 /* Debug */,
				A51FEBE50A02C0F500ACE377 /* Release */,
			);
			defaultConfigurationIsVisible = 0;
			defaultConfigurationName = Release;
		};
		A51FEC030A02C15900ACE377 /* Build configuration list for PBXNativeTarget "decoder" */ = {
			isa = XCConfigurationList;
			buildConfigurations = (
				A51FEC040A02C15900ACE377 /* Debug */,
				A51FEC050A02C15900ACE377 /* Release */,
			);
			defaultConfigurationIsVisible = 0;
			defaultConfigurationName = Release;
		};
		A591200B0A1278F100D64611 /* Build configuration list for PBXNativeTarget "ngram" */ = {
			isa = XCConfigurationList;
			buildConfigurations = (
				A591200C0A1278F100D64611 /* Debug */,
				A591200D0A1278F100D64611 /* Release */,
			);
			defaultConfigurationIsVisible = 0;
			defaultConfigurationName = Release;
		};
/* End XCConfigurationList section */
	};
	rootObject = A51FEBE20A02C0F500ACE377 /* Project object */;
}
